
Microsoft Visual Studio Solution File, Format Version 12.00
# Visual Studio 2012
Project("{FAE04EC0-301F-11D3-BF4B-00C04F79EFBC}") = "NfseNacional.App", "NfseNacional.App\NfseNacional.App.csproj", "{CFE88E77-E777-4AB5-91DE-6FCDB4D0A42B}"
	ProjectSection(ProjectDependencies) = postProject
		{D3995CBB-90DB-4AE4-A2BC-AE0867A486CC} = {D3995CBB-90DB-4AE4-A2BC-AE0867A486CC}
	EndProjectSection
EndProject
Project("{FAE04EC0-301F-11D3-BF4B-00C04F79EFBC}") = "NfseNacional", "NfseNacional\NfseNacional.csproj", "{D3995CBB-90DB-4AE4-A2BC-AE0867A486CC}"
EndProject
Global
	GlobalSection(SolutionConfigurationPlatforms) = preSolution
		Debug|Any CPU = Debug|Any CPU
		Release|Any CPU = Release|Any CPU
	EndGlobalSection
	GlobalSection(ProjectConfigurationPlatforms) = postSolution
		{CFE88E77-E777-4AB5-91DE-6FCDB4D0A42B}.Debug|Any CPU.ActiveCfg = Debug|Any CPU
		{CFE88E77-E777-4AB5-91DE-6FCDB4D0A42B}.Debug|Any CPU.Build.0 = Debug|Any CPU
		{CFE88E77-E777-4AB5-91DE-6FCDB4D0A42B}.Release|Any CPU.ActiveCfg = Release|Any CPU
		{CFE88E77-E777-4AB5-91DE-6FCDB4D0A42B}.Release|Any CPU.Build.0 = Release|Any CPU
		{D3995CBB-90DB-4AE4-A2BC-AE0867A486CC}.Debug|Any CPU.ActiveCfg = Debug|Any CPU
		{D3995CBB-90DB-4AE4-A2BC-AE0867A486CC}.Debug|Any CPU.Build.0 = Debug|Any CPU
		{D3995CBB-90DB-4AE4-A2BC-AE0867A486CC}.Release|Any CPU.ActiveCfg = Release|Any CPU
		{D3995CBB-90DB-4AE4-A2BC-AE0867A486CC}.Release|Any CPU.Build.0 = Release|Any CPU
	EndGlobalSection
	GlobalSection(SolutionProperties) = preSolution
		HideSolutionNode = FALSE
	EndGlobalSection
EndGlobal
